
Microsoft Visual Studio Solution File, Format Version 12.00
# Visual Studio Version 16
VisualStudioVersion = 16.0.31105.61
MinimumVisualStudioVersion = 10.0.40219.1
Project("{FAE04EC0-301F-11D3-BF4B-00C04F79EFBC}") = "UI", "UI\UI.csproj", "{8EAD3966-1117-46E1-B33C-60A49CB43278}"
EndProject
Project("{FAE04EC0-301F-11D3-BF4B-00C04F79EFBC}") = "Hamburgerci.DATA", "Hamburgerci.DATA\Hamburgerci.DATA.csproj", "{B9FE6D51-6EFE-4FCE-B518-7F545C1FA125}"
EndProject
Project("{FAE04EC0-301F-11D3-BF4B-00C04F79EFBC}") = "Hamburgerci.DAL", "Hamburgerci.DAL\Hamburgerci.DAL.csproj", "{04CD8AC6-4506-49DB-B204-F9B16F0367A4}"
EndProject
Global
	GlobalSection(SolutionConfigurationPlatforms) = preSolution
		Debug|Any CPU = Debug|Any CPU
		Release|Any CPU = Release|Any CPU
	EndGlobalSection
	GlobalSection(ProjectConfigurationPlatforms) = postSolution
		{8EAD3966-1117-46E1-B33C-60A49CB43278}.Debug|Any CPU.ActiveCfg = Debug|Any CPU
		{8EAD3966-1117-46E1-B33C-60A49CB43278}.Debug|Any CPU.Build.0 = Debug|Any CPU
		{8EAD3966-1117-46E1-B33C-60A49CB43278}.Release|Any CPU.ActiveCfg = Release|Any CPU
		{8EAD3966-1117-46E1-B33C-60A49CB43278}.Release|Any CPU.Build.0 = Release|Any CPU
		{B9FE6D51-6EFE-4FCE-B518-7F545C1FA125}.Debug|Any CPU.ActiveCfg = Debug|Any CPU
		{B9FE6D51-6EFE-4FCE-B518-7F545C1FA125}.Debug|Any CPU.Build.0 = Debug|Any CPU
		{B9FE6D51-6EFE-4FCE-B518-7F545C1FA125}.Release|Any CPU.ActiveCfg = Release|Any CPU
		{B9FE6D51-6EFE-4FCE-B518-7F545C1FA125}.Release|Any CPU.Build.0 = Release|Any CPU
		{04CD8AC6-4506-49DB-B204-F9B16F0367A4}.Debug|Any CPU.ActiveCfg = Debug|Any CPU
		{04CD8AC6-4506-49DB-B204-F9B16F0367A4}.Debug|Any CPU.Build.0 = Debug|Any CPU
		{04CD8AC6-4506-49DB-B204-F9B16F0367A4}.Release|Any CPU.ActiveCfg = Release|Any CPU
		{04CD8AC6-4506-49DB-B204-F9B16F0367A4}.Release|Any CPU.Build.0 = Release|Any CPU
	EndGlobalSection
	GlobalSection(SolutionProperties) = preSolution
		HideSolutionNode = FALSE
	EndGlobalSection
	GlobalSection(ExtensibilityGlobals) = postSolution
		SolutionGuid = {14EF1028-DD40-47B3-8414-C040ABA3DA15}
	EndGlobalSection
EndGlobal
